# THIS IS AN AUTOGENERATED FILE. DO NOT EDIT THIS FILE DIRECTLY.
# yarn lockfile v1


mitt@*:
  version "1.1.2"
  resolved "https://registry.yarnpkg.com/mitt/-/mitt-1.1.2.tgz#380e61480d6a615b660f07abb60d51e0a4e4bed6"

typescript@^2.8.1:
  version "2.8.1"
  resolved "https://registry.yarnpkg.com/typescript/-/typescript-2.8.1.tgz#6160e4f8f195d5ba81d4876f9c0cc1fbc0820624"
